
Microsoft Visual Studio Solution File, Format Version 12.00
# Visual Studio Version 17
VisualStudioVersion = 17.8.34309.116
MinimumVisualStudioVersion = 10.0.40219.1
Project("{FAE04EC0-301F-11D3-BF4B-00C04F79EFBC}") = "Shop", "Shop\Shop.csproj", "{86BC4C0D-68F5-4198-BF84-37CFB8F79856}"
EndProject
Project("{FAE04EC0-301F-11D3-BF4B-00C04F79EFBC}") = "ShopWebApi", "ShopWebApi\ShopWebApi.csproj", "{80523F68-9446-4EA4-99ED-9C1C3F085B02}"
EndProject
Global
	GlobalSection(SolutionConfigurationPlatforms) = preSolution
		Debug|Any CPU = Debug|Any CPU
		Release|Any CPU = Release|Any CPU
	EndGlobalSection
	GlobalSection(ProjectConfigurationPlatforms) = postSolution
		{86BC4C0D-68F5-4198-BF84-37CFB8F79856}.Debug|Any CPU.ActiveCfg = Debug|Any CPU
		{86BC4C0D-68F5-4198-BF84-37CFB8F79856}.Debug|Any CPU.Build.0 = Debug|Any CPU
		{86BC4C0D-68F5-4198-BF84-37CFB8F79856}.Release|Any CPU.ActiveCfg = Release|Any CPU
		{86BC4C0D-68F5-4198-BF84-37CFB8F79856}.Release|Any CPU.Build.0 = Release|Any CPU
		{80523F68-9446-4EA4-99ED-9C1C3F085B02}.Debug|Any CPU.ActiveCfg = Debug|Any CPU
		{80523F68-9446-4EA4-99ED-9C1C3F085B02}.Debug|Any CPU.Build.0 = Debug|Any CPU
		{80523F68-9446-4EA4-99ED-9C1C3F085B02}.Release|Any CPU.ActiveCfg = Release|Any CPU
		{80523F68-9446-4EA4-99ED-9C1C3F085B02}.Release|Any CPU.Build.0 = Release|Any CPU
	EndGlobalSection
	GlobalSection(SolutionProperties) = preSolution
		HideSolutionNode = FALSE
	EndGlobalSection
	GlobalSection(ExtensibilityGlobals) = postSolution
		SolutionGuid = {22510A88-83EB-4FF7-8966-D74EFE54AFD2}
	EndGlobalSection
EndGlobal
